{
  "version": "5",
  "specifiers": {
    "npm:surrealdb@2.0.0-beta.2": "2.0.0-beta.2_tslib@2.8.1_typescript@5.9.3"
  },
  "npm": {
    "@surrealdb/cbor@2.0.0-alpha.4": {
      "integrity": "sha512-l/hNZ3ZCOJq8rzwx1y5ZV/8b2bYCWdhGqRVY33Pu50NAHyAW5qLsMn3ZBkZow77mAKwNCsbDsRGnyYEuU95mjw=="
    },
    "surrealdb@2.0.0-beta.2_tslib@2.8.1_typescript@5.9.3": {
      "integrity": "sha512-0LrBP1U15E+Q7aXaGAf1GQMDOkZ5ETaSpeiLhsmcK0KyNb9rcS8fPHd5dZcMeBGWfM+f9G4Tu+sPBSNhuRNJKA==",
      "dependencies": [
        "@surrealdb/cbor",
        "tslib",
        "typescript",
        "uuidv7"
      ]
    },
    "tslib@2.8.1": {
      "integrity": "sha512-oJFu94HQb+KVduSUQL7wnpmqnfmLsOA/nAh6b6EH0wCEoK0/mPeXU6c3wKDV83MkOuHPRHtSXKKU99IBazS/2w=="
    },
    "typescript@5.9.3": {
      "integrity": "sha512-jl1vZzPDinLr9eUt3J/t7V6FgNEw9QjvBPdysz9KfQDD41fQrC2Y4vKQdiaUpFT4bXlb1RHhLpp8wtm6M5TgSw==",
      "bin": true
    },
    "uuidv7@1.1.0": {
      "integrity": "sha512-2VNnOC0+XQlwogChUDzy6pe8GQEys9QFZBGOh54l6qVfwoCUwwRvk7rDTgaIsRgsF5GFa5oiNg8LqXE3jofBBg==",
      "bin": true
    }
  },
  "workspace": {
    "dependencies": [
      "npm:surrealdb@2.0.0-beta.2"
    ]
  }
}
